
Microsoft Visual Studio Solution File, Format Version 12.00
# Visual Studio Version 16
VisualStudioVersion = 16.0.29230.47
MinimumVisualStudioVersion = 10.0.40219.1
Project("{9A19103F-16F7-4668-BE54-9A1E7A4F7556}") = "fone_1.1", "fone_1.1\fone_1.1.csproj", "{11663F5C-7EDB-4751-8917-67593629253F}"
EndProject
Project("{FAE04EC0-301F-11D3-BF4B-00C04F79EFBC}") = "fone_1.2", "fone_1.2\fone_1.2.csproj", "{9655395A-F8C2-46DE-9705-BA6CF6A77858}"
EndProject
Project("{FAE04EC0-301F-11D3-BF4B-00C04F79EFBC}") = "fone_2.1", "fone_2.1\fone_2.1.csproj", "{66B9DBA9-BC1E-4796-8281-89156CBED43A}"
EndProject
Project("{FAE04EC0-301F-11D3-BF4B-00C04F79EFBC}") = "fone_2.2", "fone_2.2\fone_2.2.csproj", "{65E52864-5204-47F8-9AE0-6E0686D2AD09}"
EndProject
Project("{FAE04EC0-301F-11D3-BF4B-00C04F79EFBC}") = "fone_2.3", "fone_2.3\fone_2.3.csproj", "{3DB25582-6354-4277-9ADE-9094D0CF030D}"
EndProject
Project("{FAE04EC0-301F-11D3-BF4B-00C04F79EFBC}") = "fone_3.1", "fone_3.1\fone_3.1.csproj", "{EB4523AF-C1AF-4452-8E50-94FF6EDA5701}"
EndProject
Global
	GlobalSection(SolutionConfigurationPlatforms) = preSolution
		Debug|Any CPU = Debug|Any CPU
		Release|Any CPU = Release|Any CPU
	EndGlobalSection
	GlobalSection(ProjectConfigurationPlatforms) = postSolution
		{11663F5C-7EDB-4751-8917-67593629253F}.Debug|Any CPU.ActiveCfg = Debug|Any CPU
		{11663F5C-7EDB-4751-8917-67593629253F}.Debug|Any CPU.Build.0 = Debug|Any CPU
		{11663F5C-7EDB-4751-8917-67593629253F}.Release|Any CPU.ActiveCfg = Release|Any CPU
		{11663F5C-7EDB-4751-8917-67593629253F}.Release|Any CPU.Build.0 = Release|Any CPU
		{9655395A-F8C2-46DE-9705-BA6CF6A77858}.Debug|Any CPU.ActiveCfg = Debug|Any CPU
		{9655395A-F8C2-46DE-9705-BA6CF6A77858}.Debug|Any CPU.Build.0 = Debug|Any CPU
		{9655395A-F8C2-46DE-9705-BA6CF6A77858}.Release|Any CPU.ActiveCfg = Release|Any CPU
		{9655395A-F8C2-46DE-9705-BA6CF6A77858}.Release|Any CPU.Build.0 = Release|Any CPU
		{66B9DBA9-BC1E-4796-8281-89156CBED43A}.Debug|Any CPU.ActiveCfg = Debug|Any CPU
		{66B9DBA9-BC1E-4796-8281-89156CBED43A}.Debug|Any CPU.Build.0 = Debug|Any CPU
		{66B9DBA9-BC1E-4796-8281-89156CBED43A}.Release|Any CPU.ActiveCfg = Release|Any CPU
		{66B9DBA9-BC1E-4796-8281-89156CBED43A}.Release|Any CPU.Build.0 = Release|Any CPU
		{65E52864-5204-47F8-9AE0-6E0686D2AD09}.Debug|Any CPU.ActiveCfg = Debug|Any CPU
		{65E52864-5204-47F8-9AE0-6E0686D2AD09}.Debug|Any CPU.Build.0 = Debug|Any CPU
		{65E52864-5204-47F8-9AE0-6E0686D2AD09}.Release|Any CPU.ActiveCfg = Release|Any CPU
		{65E52864-5204-47F8-9AE0-6E0686D2AD09}.Release|Any CPU.Build.0 = Release|Any CPU
		{3DB25582-6354-4277-9ADE-9094D0CF030D}.Debug|Any CPU.ActiveCfg = Debug|Any CPU
		{3DB25582-6354-4277-9ADE-9094D0CF030D}.Debug|Any CPU.Build.0 = Debug|Any CPU
		{3DB25582-6354-4277-9ADE-9094D0CF030D}.Release|Any CPU.ActiveCfg = Release|Any CPU
		{3DB25582-6354-4277-9ADE-9094D0CF030D}.Release|Any CPU.Build.0 = Release|Any CPU
		{EB4523AF-C1AF-4452-8E50-94FF6EDA5701}.Debug|Any CPU.ActiveCfg = Debug|Any CPU
		{EB4523AF-C1AF-4452-8E50-94FF6EDA5701}.Debug|Any CPU.Build.0 = Debug|Any CPU
		{EB4523AF-C1AF-4452-8E50-94FF6EDA5701}.Release|Any CPU.ActiveCfg = Release|Any CPU
		{EB4523AF-C1AF-4452-8E50-94FF6EDA5701}.Release|Any CPU.Build.0 = Release|Any CPU
	EndGlobalSection
	GlobalSection(SolutionProperties) = preSolution
		HideSolutionNode = FALSE
	EndGlobalSection
	GlobalSection(ExtensibilityGlobals) = postSolution
		SolutionGuid = {4D5AAD85-C8E6-4CFE-85CF-59AF87DE9E2A}
	EndGlobalSection
EndGlobal
